Microsoft Visual Studio Solution File, Format Version 12.00
# Visual Studio Version 17
VisualStudioVersion = 17.5.2.0
MinimumVisualStudioVersion = 10.0.40219.1
Project("{FAE04EC0-301F-11D3-BF4B-00C04F79EFBC}") = "NinjaTrader-Indicators", "NinjaTrader-Indicators.csproj", "{1BFD4896-14CF-3A2B-9099-7C42A9F5EC01}"
EndProject
Global
	GlobalSection(SolutionConfigurationPlatforms) = preSolution
		Debug|Any CPU = Debug|Any CPU
		Release|Any CPU = Release|Any CPU
	EndGlobalSection
	GlobalSection(ProjectConfigurationPlatforms) = postSolution
		{1BFD4896-14CF-3A2B-9099-7C42A9F5EC01}.Debug|Any CPU.ActiveCfg = Debug|Any CPU
		{1BFD4896-14CF-3A2B-9099-7C42A9F5EC01}.Debug|Any CPU.Build.0 = Debug|Any CPU
		{1BFD4896-14CF-3A2B-9099-7C42A9F5EC01}.Release|Any CPU.ActiveCfg = Release|Any CPU
		{1BFD4896-14CF-3A2B-9099-7C42A9F5EC01}.Release|Any CPU.Build.0 = Release|Any CPU
	EndGlobalSection
	GlobalSection(SolutionProperties) = preSolution
		HideSolutionNode = FALSE
	EndGlobalSection
	GlobalSection(ExtensibilityGlobals) = postSolution
		SolutionGuid = {3AD517EB-D60E-47B5-AB79-80C3A8455FC6}
	EndGlobalSection
EndGlobal
